
Microsoft Visual Studio Solution File, Format Version 12.00
# Visual Studio 14
VisualStudioVersion = 14.0.25420.1
MinimumVisualStudioVersion = 10.0.40219.1
Project("{FAE04EC0-301F-11D3-BF4B-00C04F79EFBC}") = "UnitTest", "UnitTest\UnitTest.csproj", "{9AAB96E2-29DA-40E7-9478-ECBDE256B09F}"
EndProject
Project("{FAE04EC0-301F-11D3-BF4B-00C04F79EFBC}") = "UnitTest.Tests", "UnitTest.Tests\UnitTest.Tests.csproj", "{FA3EC7C3-A5AF-4248-8852-A1E880A14359}"
EndProject
Global
	GlobalSection(SolutionConfigurationPlatforms) = preSolution
		Debug|Any CPU = Debug|Any CPU
		Release|Any CPU = Release|Any CPU
	EndGlobalSection
	GlobalSection(ProjectConfigurationPlatforms) = postSolution
		{9AAB96E2-29DA-40E7-9478-ECBDE256B09F}.Debug|Any CPU.ActiveCfg = Debug|Any CPU
		{9AAB96E2-29DA-40E7-9478-ECBDE256B09F}.Debug|Any CPU.Build.0 = Debug|Any CPU
		{9AAB96E2-29DA-40E7-9478-ECBDE256B09F}.Release|Any CPU.ActiveCfg = Release|Any CPU
		{9AAB96E2-29DA-40E7-9478-ECBDE256B09F}.Release|Any CPU.Build.0 = Release|Any CPU
		{FA3EC7C3-A5AF-4248-8852-A1E880A14359}.Debug|Any CPU.ActiveCfg = Debug|Any CPU
		{FA3EC7C3-A5AF-4248-8852-A1E880A14359}.Debug|Any CPU.Build.0 = Debug|Any CPU
		{FA3EC7C3-A5AF-4248-8852-A1E880A14359}.Release|Any CPU.ActiveCfg = Release|Any CPU
		{FA3EC7C3-A5AF-4248-8852-A1E880A14359}.Release|Any CPU.Build.0 = Release|Any CPU
	EndGlobalSection
	GlobalSection(SolutionProperties) = preSolution
		HideSolutionNode = FALSE
	EndGlobalSection
EndGlobal
